lockfileVersion: '9.0'

settings:
  autoInstallPeers: true
  excludeLinksFromLockfile: false

importers:

  .:
    dependencies:
      bulma:
        specifier: ^1.0.4
        version: 1.0.4

packages:

  bulma@1.0.4:
    resolution: {integrity: sha512-Ffb6YGXDiZYX3cqvSbHWqQ8+LkX6tVoTcZuVB3lm93sbAVXlO0D6QlOTMnV6g18gILpAXqkG2z9hf9z4hCjz2g==}

snapshots:

  bulma@1.0.4: {}
